
Microsoft Visual Studio Solution File, Format Version 12.00
# Visual Studio Version 17
VisualStudioVersion = 17.5.002.0
MinimumVisualStudioVersion = 10.0.40219.1
Project("{9A19103F-16F7-4668-BE54-9A1E7A4F7556}") = "ConsoleApp1", "ConsoleApp1\ConsoleApp1.csproj", "{6EBDAD66-2F5E-48EE-B852-F8A53D5C2046}"
EndProject
Global
	GlobalSection(SolutionConfigurationPlatforms) = preSolution
		Debug|Any CPU = Debug|Any CPU
		Release|Any CPU = Release|Any CPU
	EndGlobalSection
	GlobalSection(ProjectConfigurationPlatforms) = postSolution
		{6EBDAD66-2F5E-48EE-B852-F8A53D5C2046}.Debug|Any CPU.ActiveCfg = Debug|Any CPU
		{6EBDAD66-2F5E-48EE-B852-F8A53D5C2046}.Debug|Any CPU.Build.0 = Debug|Any CPU
		{6EBDAD66-2F5E-48EE-B852-F8A53D5C2046}.Release|Any CPU.ActiveCfg = Release|Any CPU
		{6EBDAD66-2F5E-48EE-B852-F8A53D5C2046}.Release|Any CPU.Build.0 = Release|Any CPU
	EndGlobalSection
	GlobalSection(SolutionProperties) = preSolution
		HideSolutionNode = FALSE
	EndGlobalSection
	GlobalSection(ExtensibilityGlobals) = postSolution
		SolutionGuid = {C77A282C-FCB3-49BF-9AB7-0A267A17631B}
	EndGlobalSection
EndGlobal
